
Microsoft Visual Studio Solution File, Format Version 12.00
# Visual Studio 2012
Project("{FAE04EC0-301F-11D3-BF4B-00C04F79EFBC}") = "Practice1", "Practice1\Practice1.csproj", "{AAF998AC-1D59-4CCB-AC5B-3919A561F2B7}"
EndProject
Project("{FAE04EC0-301F-11D3-BF4B-00C04F79EFBC}") = "Practice2", "Particle2\Practice2.csproj", "{C74846CC-90ED-4315-B598-D411901693BA}"
EndProject
Global
	GlobalSection(SolutionConfigurationPlatforms) = preSolution
		Debug|Any CPU = Debug|Any CPU
		Release|Any CPU = Release|Any CPU
	EndGlobalSection
	GlobalSection(ProjectConfigurationPlatforms) = postSolution
		{AAF998AC-1D59-4CCB-AC5B-3919A561F2B7}.Debug|Any CPU.ActiveCfg = Debug|Any CPU
		{AAF998AC-1D59-4CCB-AC5B-3919A561F2B7}.Debug|Any CPU.Build.0 = Debug|Any CPU
		{AAF998AC-1D59-4CCB-AC5B-3919A561F2B7}.Release|Any CPU.ActiveCfg = Release|Any CPU
		{AAF998AC-1D59-4CCB-AC5B-3919A561F2B7}.Release|Any CPU.Build.0 = Release|Any CPU
		{C74846CC-90ED-4315-B598-D411901693BA}.Debug|Any CPU.ActiveCfg = Debug|Any CPU
		{C74846CC-90ED-4315-B598-D411901693BA}.Debug|Any CPU.Build.0 = Debug|Any CPU
		{C74846CC-90ED-4315-B598-D411901693BA}.Release|Any CPU.ActiveCfg = Release|Any CPU
		{C74846CC-90ED-4315-B598-D411901693BA}.Release|Any CPU.Build.0 = Release|Any CPU
	EndGlobalSection
	GlobalSection(SolutionProperties) = preSolution
		HideSolutionNode = FALSE
	EndGlobalSection
EndGlobal
